
Microsoft Visual Studio Solution File, Format Version 12.00
# Visual Studio Version 17
VisualStudioVersion = 17.10.35013.160
MinimumVisualStudioVersion = 10.0.40219.1
Project("{8BC9CEB8-8B4A-11D0-8D11-00A0C91BC942}") = "WinAPI", "WinAPI\WinAPI.vcxproj", "{A06F90B9-0361-4562-89CE-3AF14CCCBDAE}"
EndProject
Project("{8BC9CEB8-8B4A-11D0-8D11-00A0C91BC942}") = "DialogBox", "DialogBox\DialogBox.vcxproj", "{E91AD22D-5F45-4C34-83BF-23AA917F4053}"
EndProject
Project("{8BC9CEB8-8B4A-11D0-8D11-00A0C91BC942}") = "ComboBox", "ComboBox\ComboBox.vcxproj", "{EA9F4D33-01A9-4033-A341-93678EF60038}"
EndProject
Project("{8BC9CEB8-8B4A-11D0-8D11-00A0C91BC942}") = "ListBox", "ComboBoxList\ComboBoxList.vcxproj", "{8C2464C6-A258-404F-B5E0-6A231109EB55}"
EndProject
Project("{8BC9CEB8-8B4A-11D0-8D11-00A0C91BC942}") = "MainWindow", "MainWindow\MainWindow.vcxproj", "{C09062F7-C6B2-4BCC-AC9D-5F33A167B83A}"
EndProject
Project("{8BC9CEB8-8B4A-11D0-8D11-00A0C91BC942}") = "Calc", "Calc\Calc.vcxproj", "{47C29788-67D3-4A56-AC6B-77FDA6F2E2BD}"
EndProject
Global
	GlobalSection(SolutionConfigurationPlatforms) = preSolution
		Debug|x64 = Debug|x64
		Debug|x86 = Debug|x86
		Release|x64 = Release|x64
		Release|x86 = Release|x86
	EndGlobalSection
	GlobalSection(ProjectConfigurationPlatforms) = postSolution
		{A06F90B9-0361-4562-89CE-3AF14CCCBDAE}.Debug|x64.ActiveCfg = Debug|x64
		{A06F90B9-0361-4562-89CE-3AF14CCCBDAE}.Debug|x64.Build.0 = Debug|x64
		{A06F90B9-0361-4562-89CE-3AF14CCCBDAE}.Debug|x86.ActiveCfg = Debug|Win32
		{A06F90B9-0361-4562-89CE-3AF14CCCBDAE}.Debug|x86.Build.0 = Debug|Win32
		{A06F90B9-0361-4562-89CE-3AF14CCCBDAE}.Release|x64.ActiveCfg = Release|x64
		{A06F90B9-0361-4562-89CE-3AF14CCCBDAE}.Release|x64.Build.0 = Release|x64
		{A06F90B9-0361-4562-89CE-3AF14CCCBDAE}.Release|x86.ActiveCfg = Release|Win32
		{A06F90B9-0361-4562-89CE-3AF14CCCBDAE}.Release|x86.Build.0 = Release|Win32
		{E91AD22D-5F45-4C34-83BF-23AA917F4053}.Debug|x64.ActiveCfg = Debug|x64
		{E91AD22D-5F45-4C34-83BF-23AA917F4053}.Debug|x64.Build.0 = Debug|x64
		{E91AD22D-5F45-4C34-83BF-23AA917F4053}.Debug|x86.ActiveCfg = Debug|Win32
		{E91AD22D-5F45-4C34-83BF-23AA917F4053}.Debug|x86.Build.0 = Debug|Win32
		{E91AD22D-5F45-4C34-83BF-23AA917F4053}.Release|x64.ActiveCfg = Release|x64
		{E91AD22D-5F45-4C34-83BF-23AA917F4053}.Release|x64.Build.0 = Release|x64
		{E91AD22D-5F45-4C34-83BF-23AA917F4053}.Release|x86.ActiveCfg = Release|Win32
		{E91AD22D-5F45-4C34-83BF-23AA917F4053}.Release|x86.Build.0 = Release|Win32
		{EA9F4D33-01A9-4033-A341-93678EF60038}.Debug|x64.ActiveCfg = Debug|x64
		{EA9F4D33-01A9-4033-A341-93678EF60038}.Debug|x64.Build.0 = Debug|x64
		{EA9F4D33-01A9-4033-A341-93678EF60038}.Debug|x86.ActiveCfg = Debug|Win32
		{EA9F4D33-01A9-4033-A341-93678EF60038}.Debug|x86.Build.0 = Debug|Win32
		{EA9F4D33-01A9-4033-A341-93678EF60038}.Release|x64.ActiveCfg = Release|x64
		{EA9F4D33-01A9-4033-A341-93678EF60038}.Release|x64.Build.0 = Release|x64
		{EA9F4D33-01A9-4033-A341-93678EF60038}.Release|x86.ActiveCfg = Release|Win32
		{EA9F4D33-01A9-4033-A341-93678EF60038}.Release|x86.Build.0 = Release|Win32
		{8C2464C6-A258-404F-B5E0-6A231109EB55}.Debug|x64.ActiveCfg = Debug|x64
		{8C2464C6-A258-404F-B5E0-6A231109EB55}.Debug|x64.Build.0 = Debug|x64
		{8C2464C6-A258-404F-B5E0-6A231109EB55}.Debug|x86.ActiveCfg = Debug|Win32
		{8C2464C6-A258-404F-B5E0-6A231109EB55}.Debug|x86.Build.0 = Debug|Win32
		{8C2464C6-A258-404F-B5E0-6A231109EB55}.Release|x64.ActiveCfg = Release|x64
		{8C2464C6-A258-404F-B5E0-6A231109EB55}.Release|x64.Build.0 = Release|x64
		{8C2464C6-A258-404F-B5E0-6A231109EB55}.Release|x86.ActiveCfg = Release|Win32
		{8C2464C6-A258-404F-B5E0-6A231109EB55}.Release|x86.Build.0 = Release|Win32
		{C09062F7-C6B2-4BCC-AC9D-5F33A167B83A}.Debug|x64.ActiveCfg = Debug|x64
		{C09062F7-C6B2-4BCC-AC9D-5F33A167B83A}.Debug|x64.Build.0 = Debug|x64
		{C09062F7-C6B2-4BCC-AC9D-5F33A167B83A}.Debug|x86.ActiveCfg = Debug|Win32
		{C09062F7-C6B2-4BCC-AC9D-5F33A167B83A}.Debug|x86.Build.0 = Debug|Win32
		{C09062F7-C6B2-4BCC-AC9D-5F33A167B83A}.Release|x64.ActiveCfg = Release|x64
		{C09062F7-C6B2-4BCC-AC9D-5F33A167B83A}.Release|x64.Build.0 = Release|x64
		{C09062F7-C6B2-4BCC-AC9D-5F33A167B83A}.Release|x86.ActiveCfg = Release|Win32
		{C09062F7-C6B2-4BCC-AC9D-5F33A167B83A}.Release|x86.Build.0 = Release|Win32
		{47C29788-67D3-4A56-AC6B-77FDA6F2E2BD}.Debug|x64.ActiveCfg = Debug|x64
		{47C29788-67D3-4A56-AC6B-77FDA6F2E2BD}.Debug|x64.Build.0 = Debug|x64
		{47C29788-67D3-4A56-AC6B-77FDA6F2E2BD}.Debug|x86.ActiveCfg = Debug|Win32
		{47C29788-67D3-4A56-AC6B-77FDA6F2E2BD}.Debug|x86.Build.0 = Debug|Win32
		{47C29788-67D3-4A56-AC6B-77FDA6F2E2BD}.Release|x64.ActiveCfg = Release|x64
		{47C29788-67D3-4A56-AC6B-77FDA6F2E2BD}.Release|x64.Build.0 = Release|x64
		{47C29788-67D3-4A56-AC6B-77FDA6F2E2BD}.Release|x86.ActiveCfg = Release|Win32
		{47C29788-67D3-4A56-AC6B-77FDA6F2E2BD}.Release|x86.Build.0 = Release|Win32
	EndGlobalSection
	GlobalSection(SolutionProperties) = preSolution
		HideSolutionNode = FALSE
	EndGlobalSection
	GlobalSection(ExtensibilityGlobals) = postSolution
		SolutionGuid = {D1AD8B2B-D36E-4FCE-8172-F581BECE9949}
	EndGlobalSection
EndGlobal
